
Microsoft Visual Studio Solution File, Format Version 12.00
# Visual Studio Version 16
VisualStudioVersion = 16.0.32126.315
MinimumVisualStudioVersion = 10.0.40219.1
Project("{FAE04EC0-301F-11D3-BF4B-00C04F79EFBC}") = "Contract", "Contract\Contract.csproj", "{E099B2DF-817B-4A2C-A55C-1DF55A535ECF}"
EndProject
Project("{FAE04EC0-301F-11D3-BF4B-00C04F79EFBC}") = "Contract.Domain", "Contract.Domain\Contract.Domain.csproj", "{38C2E678-B126-4115-9BFF-C9DEC1AC8EFB}"
EndProject
Project("{FAE04EC0-301F-11D3-BF4B-00C04F79EFBC}") = "Contract.Application", "Contract.Application\Contract.Application.csproj", "{EFA903F5-E43F-4957-A377-D8C96B06F3EE}"
EndProject
Project("{FAE04EC0-301F-11D3-BF4B-00C04F79EFBC}") = "Contract.WebApi", "Contract.WebApi\Contract.WebApi.csproj", "{FB9AF631-D7E9-4028-A95A-933AE8BCE2E3}"
EndProject
Global
	GlobalSection(SolutionConfigurationPlatforms) = preSolution
		Debug|Any CPU = Debug|Any CPU
		Release|Any CPU = Release|Any CPU
	EndGlobalSection
	GlobalSection(ProjectConfigurationPlatforms) = postSolution
		{E099B2DF-817B-4A2C-A55C-1DF55A535ECF}.Debug|Any CPU.ActiveCfg = Debug|Any CPU
		{E099B2DF-817B-4A2C-A55C-1DF55A535ECF}.Debug|Any CPU.Build.0 = Debug|Any CPU
		{E099B2DF-817B-4A2C-A55C-1DF55A535ECF}.Release|Any CPU.ActiveCfg = Release|Any CPU
		{E099B2DF-817B-4A2C-A55C-1DF55A535ECF}.Release|Any CPU.Build.0 = Release|Any CPU
		{38C2E678-B126-4115-9BFF-C9DEC1AC8EFB}.Debug|Any CPU.ActiveCfg = Debug|Any CPU
		{38C2E678-B126-4115-9BFF-C9DEC1AC8EFB}.Debug|Any CPU.Build.0 = Debug|Any CPU
		{38C2E678-B126-4115-9BFF-C9DEC1AC8EFB}.Release|Any CPU.ActiveCfg = Release|Any CPU
		{38C2E678-B126-4115-9BFF-C9DEC1AC8EFB}.Release|Any CPU.Build.0 = Release|Any CPU
		{EFA903F5-E43F-4957-A377-D8C96B06F3EE}.Debug|Any CPU.ActiveCfg = Debug|Any CPU
		{EFA903F5-E43F-4957-A377-D8C96B06F3EE}.Debug|Any CPU.Build.0 = Debug|Any CPU
		{EFA903F5-E43F-4957-A377-D8C96B06F3EE}.Release|Any CPU.ActiveCfg = Release|Any CPU
		{EFA903F5-E43F-4957-A377-D8C96B06F3EE}.Release|Any CPU.Build.0 = Release|Any CPU
		{FB9AF631-D7E9-4028-A95A-933AE8BCE2E3}.Debug|Any CPU.ActiveCfg = Debug|Any CPU
		{FB9AF631-D7E9-4028-A95A-933AE8BCE2E3}.Debug|Any CPU.Build.0 = Debug|Any CPU
		{FB9AF631-D7E9-4028-A95A-933AE8BCE2E3}.Release|Any CPU.ActiveCfg = Release|Any CPU
		{FB9AF631-D7E9-4028-A95A-933AE8BCE2E3}.Release|Any CPU.Build.0 = Release|Any CPU
	EndGlobalSection
	GlobalSection(SolutionProperties) = preSolution
		HideSolutionNode = FALSE
	EndGlobalSection
	GlobalSection(ExtensibilityGlobals) = postSolution
		SolutionGuid = {05629589-589F-45A4-BCF0-C2FA42F49C2F}
	EndGlobalSection
EndGlobal
